{
  "name": "pg",
  "version": "1.0.0",
  "lockfileVersion": 1,
  "requires": true,
  "dependencies": {
    "@bazel/bazelisk": {
      "version": "1.7.3",
      "resolved": "https://registry.npmjs.org/@bazel/bazelisk/-/bazelisk-1.7.3.tgz",
      "integrity": "sha512-A+QLZvKifKnbFawH5aaCnooPx0Ia5JS3S8SckKB034GVB3BjtUTCwjaxzxG3ARQ6Jq1vDcQwWgF2bjT9FjrdDg=="
    }
  }
}
